
Microsoft Visual Studio Solution File, Format Version 12.00
# Visual Studio Version 16
VisualStudioVersion = 16.0.29609.76
MinimumVisualStudioVersion = 10.0.40219.1
Project("{9A19103F-16F7-4668-BE54-9A1E7A4F7556}") = "FindMyKids.LocationService", "FindMyKids.LocationService.csproj", "{2525CB31-2AFF-4CE4-95AD-B55DAA56E901}"
EndProject
Global
	GlobalSection(SolutionConfigurationPlatforms) = preSolution
		Debug|Any CPU = Debug|Any CPU
		Release|Any CPU = Release|Any CPU
	EndGlobalSection
	GlobalSection(ProjectConfigurationPlatforms) = postSolution
		{2525CB31-2AFF-4CE4-95AD-B55DAA56E901}.Debug|Any CPU.ActiveCfg = Debug|Any CPU
		{2525CB31-2AFF-4CE4-95AD-B55DAA56E901}.Debug|Any CPU.Build.0 = Debug|Any CPU
		{2525CB31-2AFF-4CE4-95AD-B55DAA56E901}.Release|Any CPU.ActiveCfg = Release|Any CPU
		{2525CB31-2AFF-4CE4-95AD-B55DAA56E901}.Release|Any CPU.Build.0 = Release|Any CPU
	EndGlobalSection
	GlobalSection(SolutionProperties) = preSolution
		HideSolutionNode = FALSE
	EndGlobalSection
	GlobalSection(ExtensibilityGlobals) = postSolution
		SolutionGuid = {9A9CA597-D3C3-4F9D-B165-CC02A374F29C}
	EndGlobalSection
EndGlobal
